// !$*UTF8*$!
{
	archiveVersion = 1;
	classes = {
	};
	objectVersion = 46;
	objects = {

/* Begin PBXBuildFile section */
		221F04671F3837C700C2316E /* AppDelegate.swift in Sources */ = {isa = PBXBuildFile; fileRef = 221F04661F3837C700C2316E /* AppDelegate.swift */; };
		221F04691F3837C700C2316E /* ViewController.swift in Sources */ = {isa = PBXBuildFile; fileRef = 221F04681F3837C700C2316E /* ViewController.swift */; };
		221F046C1F3837C700C2316E /* Main.storyboard in Resources */ = {isa = PBXBuildFile; fileRef = 221F046A1F3837C700C2316E /* Main.storyboard */; };
		221F046E1F3837C700C2316E /* Assets.xcassets in Resources */ = {isa = PBXBuildFile; fileRef = 221F046D1F3837C700C2316E /* Assets.xcassets */; };
		221F04711F3837C700C2316E /* LaunchScreen.storyboard in Resources */ = {isa = PBXBuildFile; fileRef = 221F046F1F3837C700C2316E /* LaunchScreen.storyboard */; };
/* End PBXBuildFile section */

/* Begin PBXFileReference section */
		221F04631F3837C700C2316E /* ListGridCollectionView.app */ = {isa = PBXFileReference; explicitFileType = wrapper.application; includeInIndex = 0; path = ListGridCollectionView.app; sourceTree = BUILT_PRODUCTS_DIR; };
		221F04661F3837C700C2316E /* AppDelegate.swift */ = {isa = PBXFileReference; lastKnownFileType = sourcecode.swift; path = AppDelegate.swift; sourceTree = "<group>"; };
		221F04681F3837C700C2316E /* ViewController.swift */ = {isa = PBXFileReference; lastKnownFileType = sourcecode.swift; path = ViewController.swift; sourceTree = "<group>"; };
		221F046B1F3837C700C2316E /* Base */ = {isa = PBXFileReference; lastKnownFileType = file.storyboard; name = Base; path = Base.lproj/Main.storyboard; sourceTree = "<group>"; };
		221F046D1F3837C700C2316E /* Assets.xcassets */ = {isa = PBXFileReference; lastKnownFileType = folder.assetcatalog; path = Assets.xcassets; sourceTree = "<group>"; };
		221F04701F3837C700C2316E /* Base */ = {isa = PBXFileReference; lastKnownFileType = file.storyboard; name = Base; path = Base.lproj/LaunchScreen.storyboard; sourceTree = "<group>"; };
		221F04721F3837C700C2316E /* Info.plist */ = {isa = PBXFileReference; lastKnownFileType = text.plist.xml; path = Info.plist; sourceTree = "<group>"; };
/* End PBXFileReference section */

/* Begin PBXFrameworksBuildPhase section */
		221F04601F3837C700C2316E /* Frameworks */ = {
			isa = PBXFrameworksBuildPhase;
			buildActionMask = 2147483647;
			files = (
			);
			runOnlyForDeploymentPostprocessing = 0;
		};
/* End PBXFrameworksBuildPhase section */

/* Begin PBXGroup section */
		221F045A1F3837C700C2316E = {
			isa = PBXGroup;
			children = (
				221F04651F3837C700C2316E /* ListGridCollectionView */,
				221F04641F3837C700C2316E /* Products */,
			);
			sourceTree = "<group>";
		};
		221F04641F3837C700C2316E /* Products */ = {
			isa = PBXGroup;
			children = (
				221F04631F3837C700C2316E /* ListGridCollectionView.app */,
			);
			name = Products;
			sourceTree = "<group>";
		};
		221F04651F3837C700C2316E /* ListGridCollectionView */ = {
			isa = PBXGroup;
			children = (
				221F04661F3837C700C2316E /* AppDelegate.swift */,
				221F04681F3837C700C2316E /* ViewController.swift */,
				221F046A1F3837C700C2316E /* Main.storyboard */,
				221F046D1F3837C700C2316E /* Assets.xcassets */,
				221F046F1F3837C700C2316E /* LaunchScreen.storyboard */,
				221F04721F3837C700C2316E /* Info.plist */,
			);
			path = ListGridCollectionView;
			sourceTree = "<group>";
		};
/* End PBXGroup section */

/* Begin PBXNativeTarget section */
		221F04621F3837C700C2316E /* ListGridCollectionView */ = {
			isa = PBXNativeTarget;
			buildConfigurationList = 221F04751F3837C700C2316E /* Build configuration list for PBXNativeTarget "ListGridCollectionView" */;
			buildPhases = (
				221F045F1F3837C700C2316E /* Sources */,
				221F04601F3837C700C2316E /* Frameworks */,
				221F04611F3837C700C2316E /* Resources */,
			);
			buildRules = (
			);
			dependencies = (
			);
			name = ListGridCollectionView;
			productName = ListGridCollectionView;
			productReference = 221F04631F3837C700C2316E /* ListGridCollectionView.app */;
			productType = "com.apple.product-type.application";
		};
/* End PBXNativeTarget section */

/* Begin PBXProject section */
		221F045B1F3837C700C2316E /* Project object */ = {
			isa = PBXProject;
			attributes = {
				LastSwiftUpdateCheck = 0830;
				LastUpgradeCheck = 0830;
				ORGANIZATIONNAME = "Yogesh Suthar";
				TargetAttributes = {
					221F04621F3837C700C2316E = {
						CreatedOnToolsVersion = 8.3.3;
						ProvisioningStyle = Automatic;
					};
				};
			};
			buildConfigurationList = 221F045E1F3837C700C2316E /* Build configuration list for PBXProject "ListGridCollectionView" */;
			compatibilityVersion = "Xcode 3.2";
			developmentRegion = English;
			hasScannedForEncodings = 0;
			knownRegions = (
				en,
				Base,
			);
			mainGroup = 221F045A1F3837C700C2316E;
			productRefGroup = 221F04641F3837C700C2316E /* Products */;
			projectDirPath = "";
			projectRoot = "";
			targets = (
				221F04621F3837C700C2316E /* ListGridCollectionView */,
			);
		};
/* End PBXProject section */

/* Begin PBXResourcesBuildPhase section */
		221F04611F3837C700C2316E /* Resources */ = {
			isa = PBXResourcesBuildPhase;
			buildActionMask = 2147483647;
			files = (
				221F04711F3837C700C2316E /* LaunchScreen.storyboard in Resources */,
				221F046E1F3837C700C2316E /* Assets.xcassets in Resources */,
				221F046C1F3837C700C2316E /* Main.storyboard in Resources */,
			);
			runOnlyForDeploymentPostprocessing = 0;
		};
/* End PBXResourcesBuildPhase section */

/* Begin PBXSourcesBuildPhase section */
		221F045F1F3837C700C2316E /* Sources */ = {
			isa = PBXSourcesBuildPhase;
			buildActionMask = 2147483647;
			files = (
				221F04691F3837C700C2316E /* ViewController.swift in Sources */,
				221F04671F3837C700C2316E /* AppDelegate.swift in Sources */,
			);
			runOnlyForDeploymentPostprocessing = 0;
		};
/* End PBXSourcesBuildPhase section */

/* Begin PBXVariantGroup section */
		221F046A1F3837C700C2316E /* Main.storyboard */ = {
			isa = PBXVariantGroup;
			children = (
				221F046B1F3837C700C2316E /* Base */,
			);
			name = Main.storyboard;
			sourceTree = "<group>";
		};
		221F046F1F3837C700C2316E /* LaunchScreen.storyboard */ = {
			isa = PBXVariantGroup;
			children = (
				221F04701F3837C700C2316E /* Base */,
			);
			name = LaunchScreen.storyboard;
			sourceTree = "<group>";
		};
/* End PBXVariantGroup section */

/* Begin XCBuildConfiguration section */
		221F04731F3837C700C2316E /* Debug */ = {
			isa = XCBuildConfiguration;
			buildSettings = {
				ALWAYS_SEARCH_USER_PATHS = NO;
				CLANG_ANALYZER_NONNULL = YES;
				CLANG_ANALYZER_NUMBER_OBJECT_CONVERSION = YES_AGGRESSIVE;
				CLANG_CXX_LANGUAGE_STANDARD = "gnu++0x";
				CLANG_CXX_LIBRARY = "libc++";
				CLANG_ENABLE_MODULES = YES;
				CLANG_ENABLE_OBJC_ARC = YES;
				CLANG_WARN_BOOL_CONVERSION = YES;
				CLANG_WARN_CONSTANT_CONVERSION = YES;
				CLANG_WARN_DIRECT_OBJC_ISA_USAGE = YES_ERROR;
				CLANG_WARN_DOCUMENTATION_COMMENTS = YES;
				CLANG_WARN_EMPTY_BODY = YES;
				CLANG_WARN_ENUM_CONVERSION = YES;
				CLANG_WARN_INFINITE_RECURSION = YES;
				CLANG_WARN_INT_CONVERSION = YES;
				CLANG_WARN_OBJC_ROOT_CLASS = YES_ERROR;
				CLANG_WARN_SUSPICIOUS_MOVE = YES;
				CLANG_WARN_UNREACHABLE_CODE = YES;
				CLANG_WARN__DUPLICATE_METHOD_MATCH = YES;
				"CODE_SIGN_IDENTITY[sdk=iphoneos*]" = "iPhone Developer";
				COPY_PHASE_STRIP = NO;
				DEBUG_INFORMATION_FORMAT = dwarf;
				ENABLE_STRICT_OBJC_MSGSEND = YES;
				ENABLE_TESTABILITY = YES;
				GCC_C_LANGUAGE_STANDARD = gnu99;
				GCC_DYNAMIC_NO_PIC = NO;
				GCC_NO_COMMON_BLOCKS = YES;
				GCC_OPTIMIZATION_LEVEL = 0;
				GCC_PREPROCESSOR_DEFINITIONS = (
					"DEBUG=1",
					"$(inherited)",
				);
				GCC_WARN_64_TO_32_BIT_CONVERSION = YES;
				GCC_WARN_ABOUT_RETURN_TYPE = YES_ERROR;
				GCC_WARN_UNDECLARED_SELECTOR = YES;
				GCC_WARN_UNINITIALIZED_AUTOS = YES_AGGRESSIVE;
				GCC_WARN_UNUSED_FUNCTION = YES;
				GCC_WARN_UNUSED_VARIABLE = YES;
				IPHONEOS_DEPLOYMENT_TARGET = 10.3;
				MTL_ENABLE_DEBUG_INFO = YES;
				ONLY_ACTIVE_ARCH = YES;
				SDKROOT = iphoneos;
				SWIFT_ACTIVE_COMPILATION_CONDITIONS = DEBUG;
				SWIFT_OPTIMIZATION_LEVEL = "-Onone";
				TARGETED_DEVICE_FAMILY = "1,2";
			};
			name = Debug;
		};
		221F04741F3837C700C2316E /* Release */ = {
			isa = XCBuildConfiguration;
			buildSettings = {
				ALWAYS_SEARCH_USER_PATHS = NO;
				CLANG_ANALYZER_NONNULL = YES;
				CLANG_ANALYZER_NUMBER_OBJECT_CONVERSION = YES_AGGRESSIVE;
				CLANG_CXX_LANGUAGE_STANDARD = "gnu++0x";
				CLANG_CXX_LIBRARY = "libc++";
				CLANG_ENABLE_MODULES = YES;
				CLANG_ENABLE_OBJC_ARC = YES;
				CLANG_WARN_BOOL_CONVERSION = YES;
				CLANG_WARN_CONSTANT_CONVERSION = YES;
				CLANG_WARN_DIRECT_OBJC_ISA_USAGE = YES_ERROR;
				CLANG_WARN_DOCUMENTATION_COMMENTS = YES;
				CLANG_WARN_EMPTY_BODY = YES;
				CLANG_WARN_ENUM_CONVERSION = YES;
				CLANG_WARN_INFINITE_RECURSION = YES;
				CLANG_WARN_INT_CONVERSION = YES;
				CLANG_WARN_OBJC_ROOT_CLASS = YES_ERROR;
				CLANG_WARN_SUSPICIOUS_MOVE = YES;
				CLANG_WARN_UNREACHABLE_CODE = YES;
				CLANG_WARN__DUPLICATE_METHOD_MATCH = YES;
				"CODE_SIGN_IDENTITY[sdk=iphoneos*]" = "iPhone Developer";
				COPY_PHASE_STRIP = NO;
				DEBUG_INFORMATION_FORMAT = "dwarf-with-dsym";
				ENABLE_NS_ASSERTIONS = NO;
				ENABLE_STRICT_OBJC_MSGSEND = YES;
				GCC_C_LANGUAGE_STANDARD = gnu99;
				GCC_NO_COMMON_BLOCKS = YES;
				GCC_WARN_64_TO_32_BIT_CONVERSION = YES;
				GCC_WARN_ABOUT_RETURN_TYPE = YES_ERROR;
				GCC_WARN_UNDECLARED_SELECTOR = YES;
				GCC_WARN_UNINITIALIZED_AUTOS = YES_AGGRESSIVE;
				GCC_WARN_UNUSED_FUNCTION = YES;
				GCC_WARN_UNUSED_VARIABLE = YES;
				IPHONEOS_DEPLOYMENT_TARGET = 10.3;
				MTL_ENABLE_DEBUG_INFO = NO;
				SDKROOT = iphoneos;
				SWIFT_OPTIMIZATION_LEVEL = "-Owholemodule";
				TARGETED_DEVICE_FAMILY = "1,2";
				VALIDATE_PRODUCT = YES;
			};
			name = Release;
		};
		221F04761F3837C700C2316E /* Debug */ = {
			isa = XCBuildConfiguration;
			buildSettings = {
				ASSETCATALOG_COMPILER_APPICON_NAME = AppIcon;
				INFOPLIST_FILE = ListGridCollectionView/Info.plist;
				LD_RUNPATH_SEARCH_PATHS = "$(inherited) @executable_path/Frameworks";
				PRODUCT_BUNDLE_IDENTIFIER = com.yogeshs.ListGridCollectionView;
				PRODUCT_NAME = "$(TARGET_NAME)";
				SWIFT_VERSION = 3.0;
			};
			name = Debug;
		};
		221F04771F3837C700C2316E /* Release */ = {
			isa = XCBuildConfiguration;
			buildSettings = {
				ASSETCATALOG_COMPILER_APPICON_NAME = AppIcon;
				INFOPLIST_FILE = ListGridCollectionView/Info.plist;
				LD_RUNPATH_SEARCH_PATHS = "$(inherited) @executable_path/Frameworks";
				PRODUCT_BUNDLE_IDENTIFIER = com.yogeshs.ListGridCollectionView;
				PRODUCT_NAME = "$(TARGET_NAME)";
				SWIFT_VERSION = 3.0;
			};
			name = Release;
		};
/* End XCBuildConfiguration section */

/* Begin XCConfigurationList section */
		221F045E1F3837C700C2316E /* Build configuration list for PBXProject "ListGridCollectionView" */ = {
			isa = XCConfigurationList;
			buildConfigurations = (
				221F04731F3837C700C2316E /* Debug */,
				221F04741F3837C700C2316E /* Release */,
			);
			defaultConfigurationIsVisible = 0;
			defaultConfigurationName = Release;
		};
		221F04751F3837C700C2316E /* Build configuration list for PBXNativeTarget "ListGridCollectionView" */ = {
			isa = XCConfigurationList;
			buildConfigurations = (
				221F04761F3837C700C2316E /* Debug */,
				221F04771F3837C700C2316E /* Release */,
			);
			defaultConfigurationIsVisible = 0;
		};
/* End XCConfigurationList section */
	};
	rootObject = 221F045B1F3837C700C2316E /* Project object */;
}
